// !$*UTF8*$!
{
	archiveVersion = 1;
	classes = {
	};
	objectVersion = 46;
	objects = {

/* Begin PBXBuildFile section */
		5989F5DC1D8A065700068A67 /* AppDelegate.swift in Sources */ = {isa = PBXBuildFile; fileRef = 5989F5DB1D8A065700068A67 /* AppDelegate.swift */; };
		5989F5DE1D8A065700068A67 /* ViewController.swift in Sources */ = {isa = PBXBuildFile; fileRef = 5989F5DD1D8A065700068A67 /* ViewController.swift */; };
		5989F5E11D8A065700068A67 /* Main.storyboard in Resources */ = {isa = PBXBuildFile; fileRef = 5989F5DF1D8A065700068A67 /* Main.storyboard */; };
		5989F5E31D8A065700068A67 /* Assets.xcassets in Resources */ = {isa = PBXBuildFile; fileRef = 5989F5E21D8A065700068A67 /* Assets.xcassets */; };
		5989F5E61D8A065700068A67 /* LaunchScreen.storyboard in Resources */ = {isa = PBXBuildFile; fileRef = 5989F5E41D8A065700068A67 /* LaunchScreen.storyboard */; };
		5989F5EE1D8A066E00068A67 /* CoreDataStack.swift in Sources */ = {isa = PBXBuildFile; fileRef = 5989F5ED1D8A066E00068A67 /* CoreDataStack.swift */; };
		5989F5F11D8A148400068A67 /* To Do List.xcdatamodeld in Sources */ = {isa = PBXBuildFile; fileRef = 5989F5EF1D8A148400068A67 /* To Do List.xcdatamodeld */; };
		5989F5F31D8A16D700068A67 /* ToDoListController.swift in Sources */ = {isa = PBXBuildFile; fileRef = 5989F5F21D8A16D700068A67 /* ToDoListController.swift */; };
		5989F5F61D8AEC0500068A67 /* Item+CoreDataProperties.swift in Sources */ = {isa = PBXBuildFile; fileRef = 5989F5F41D8AEC0500068A67 /* Item+CoreDataProperties.swift */; };
		5989F5F71D8AEC0500068A67 /* Item.swift in Sources */ = {isa = PBXBuildFile; fileRef = 5989F5F51D8AEC0500068A67 /* Item.swift */; };
		5989F5F91D8B4DA300068A67 /* ToDoFetchedResultsController.swift in Sources */ = {isa = PBXBuildFile; fileRef = 5989F5F81D8B4DA300068A67 /* ToDoFetchedResultsController.swift */; };
		5989F5FF1D8B575200068A67 /* DetailViewController.swift in Sources */ = {isa = PBXBuildFile; fileRef = 5989F5FE1D8B575200068A67 /* DetailViewController.swift */; };
		5989F6011D8B5D4000068A67 /* DataSource.swift in Sources */ = {isa = PBXBuildFile; fileRef = 5989F6001D8B5D4000068A67 /* DataSource.swift */; };
/* End PBXBuildFile section */

/* Begin PBXFileReference section */
		5989F5D81D8A065700068A67 /* To Do List.app */ = {isa = PBXFileReference; explicitFileType = wrapper.application; includeInIndex = 0; path = "To Do List.app"; sourceTree = BUILT_PRODUCTS_DIR; };
		5989F5DB1D8A065700068A67 /* AppDelegate.swift */ = {isa = PBXFileReference; lastKnownFileType = sourcecode.swift; path = AppDelegate.swift; sourceTree = "<group>"; };
		5989F5DD1D8A065700068A67 /* ViewController.swift */ = {isa = PBXFileReference; lastKnownFileType = sourcecode.swift; path = ViewController.swift; sourceTree = "<group>"; };
		5989F5E01D8A065700068A67 /* Base */ = {isa = PBXFileReference; lastKnownFileType = file.storyboard; name = Base; path = Base.lproj/Main.storyboard; sourceTree = "<group>"; };
		5989F5E21D8A065700068A67 /* Assets.xcassets */ = {isa = PBXFileReference; lastKnownFileType = folder.assetcatalog; path = Assets.xcassets; sourceTree = "<group>"; };
		5989F5E51D8A065700068A67 /* Base */ = {isa = PBXFileReference; lastKnownFileType = file.storyboard; name = Base; path = Base.lproj/LaunchScreen.storyboard; sourceTree = "<group>"; };
		5989F5E71D8A065700068A67 /* Info.plist */ = {isa = PBXFileReference; lastKnownFileType = text.plist.xml; path = Info.plist; sourceTree = "<group>"; };
		5989F5ED1D8A066E00068A67 /* CoreDataStack.swift */ = {isa = PBXFileReference; fileEncoding = 4; lastKnownFileType = sourcecode.swift; path = CoreDataStack.swift; sourceTree = "<group>"; };
		5989F5F01D8A148400068A67 /* To Do List.xcdatamodel */ = {isa = PBXFileReference; lastKnownFileType = wrapper.xcdatamodel; path = "To Do List.xcdatamodel"; sourceTree = "<group>"; };
		5989F5F21D8A16D700068A67 /* ToDoListController.swift */ = {isa = PBXFileReference; fileEncoding = 4; lastKnownFileType = sourcecode.swift; path = ToDoListController.swift; sourceTree = "<group>"; };
		5989F5F41D8AEC0500068A67 /* Item+CoreDataProperties.swift */ = {isa = PBXFileReference; fileEncoding = 4; lastKnownFileType = sourcecode.swift; name = "Item+CoreDataProperties.swift"; path = "../Item+CoreDataProperties.swift"; sourceTree = "<group>"; };
		5989F5F51D8AEC0500068A67 /* Item.swift */ = {isa = PBXFileReference; fileEncoding = 4; lastKnownFileType = sourcecode.swift; name = Item.swift; path = ../Item.swift; sourceTree = "<group>"; };
		5989F5F81D8B4DA300068A67 /* ToDoFetchedResultsController.swift */ = {isa = PBXFileReference; fileEncoding = 4; lastKnownFileType = sourcecode.swift; path = ToDoFetchedResultsController.swift; sourceTree = "<group>"; };
		5989F5FE1D8B575200068A67 /* DetailViewController.swift */ = {isa = PBXFileReference; fileEncoding = 4; lastKnownFileType = sourcecode.swift; path = DetailViewController.swift; sourceTree = "<group>"; };
		5989F6001D8B5D4000068A67 /* DataSource.swift */ = {isa = PBXFileReference; fileEncoding = 4; lastKnownFileType = sourcecode.swift; path = DataSource.swift; sourceTree = "<group>"; };
/* End PBXFileReference section */

/* Begin PBXFrameworksBuildPhase section */
		5989F5D51D8A065700068A67 /* Frameworks */ = {
			isa = PBXFrameworksBuildPhase;
			buildActionMask = 2147483647;
			files = (
			);
			runOnlyForDeploymentPostprocessing = 0;
		};
/* End PBXFrameworksBuildPhase section */

/* Begin PBXGroup section */
		5989F5CF1D8A065700068A67 = {
			isa = PBXGroup;
			children = (
				5989F5DA1D8A065700068A67 /* To Do List */,
				5989F5D91D8A065700068A67 /* Products */,
			);
			sourceTree = "<group>";
		};
		5989F5D91D8A065700068A67 /* Products */ = {
			isa = PBXGroup;
			children = (
				5989F5D81D8A065700068A67 /* To Do List.app */,
			);
			name = Products;
			sourceTree = "<group>";
		};
		5989F5DA1D8A065700068A67 /* To Do List */ = {
			isa = PBXGroup;
			children = (
				5989F5F41D8AEC0500068A67 /* Item+CoreDataProperties.swift */,
				5989F5F51D8AEC0500068A67 /* Item.swift */,
				5989F5DB1D8A065700068A67 /* AppDelegate.swift */,
				5989F5DD1D8A065700068A67 /* ViewController.swift */,
				5989F5DF1D8A065700068A67 /* Main.storyboard */,
				5989F5E21D8A065700068A67 /* Assets.xcassets */,
				5989F5E41D8A065700068A67 /* LaunchScreen.storyboard */,
				5989F5E71D8A065700068A67 /* Info.plist */,
				5989F5ED1D8A066E00068A67 /* CoreDataStack.swift */,
				5989F5EF1D8A148400068A67 /* To Do List.xcdatamodeld */,
				5989F5F21D8A16D700068A67 /* ToDoListController.swift */,
				5989F5F81D8B4DA300068A67 /* ToDoFetchedResultsController.swift */,
				5989F5FE1D8B575200068A67 /* DetailViewController.swift */,
				5989F6001D8B5D4000068A67 /* DataSource.swift */,
			);
			path = "To Do List";
			sourceTree = "<group>";
		};
/* End PBXGroup section */

/* Begin PBXNativeTarget section */
		5989F5D71D8A065700068A67 /* To Do List */ = {
			isa = PBXNativeTarget;
			buildConfigurationList = 5989F5EA1D8A065700068A67 /* Build configuration list for PBXNativeTarget "To Do List" */;
			buildPhases = (
				5989F5D41D8A065700068A67 /* Sources */,
				5989F5D51D8A065700068A67 /* Frameworks */,
				5989F5D61D8A065700068A67 /* Resources */,
			);
			buildRules = (
			);
			dependencies = (
			);
			name = "To Do List";
			productName = "To Do List";
			productReference = 5989F5D81D8A065700068A67 /* To Do List.app */;
			productType = "com.apple.product-type.application";
		};
/* End PBXNativeTarget section */

/* Begin PBXProject section */
		5989F5D01D8A065700068A67 /* Project object */ = {
			isa = PBXProject;
			attributes = {
				LastSwiftUpdateCheck = 0730;
				LastUpgradeCheck = 0730;
				ORGANIZATIONNAME = "geemakunstorey@storeyofgee.com";
				TargetAttributes = {
					5989F5D71D8A065700068A67 = {
						CreatedOnToolsVersion = 7.3.1;
					};
				};
			};
			buildConfigurationList = 5989F5D31D8A065700068A67 /* Build configuration list for PBXProject "To Do List" */;
			compatibilityVersion = "Xcode 3.2";
			developmentRegion = English;
			hasScannedForEncodings = 0;
			knownRegions = (
				en,
				Base,
			);
			mainGroup = 5989F5CF1D8A065700068A67;
			productRefGroup = 5989F5D91D8A065700068A67 /* Products */;
			projectDirPath = "";
			projectRoot = "";
			targets = (
				5989F5D71D8A065700068A67 /* To Do List */,
			);
		};
/* End PBXProject section */

/* Begin PBXResourcesBuildPhase section */
		5989F5D61D8A065700068A67 /* Resources */ = {
			isa = PBXResourcesBuildPhase;
			buildActionMask = 2147483647;
			files = (
				5989F5E61D8A065700068A67 /* LaunchScreen.storyboard in Resources */,
				5989F5E31D8A065700068A67 /* Assets.xcassets in Resources */,
				5989F5E11D8A065700068A67 /* Main.storyboard in Resources */,
			);
			runOnlyForDeploymentPostprocessing = 0;
		};
/* End PBXResourcesBuildPhase section */

/* Begin PBXSourcesBuildPhase section */
		5989F5D41D8A065700068A67 /* Sources */ = {
			isa = PBXSourcesBuildPhase;
			buildActionMask = 2147483647;
			files = (
				5989F5FF1D8B575200068A67 /* DetailViewController.swift in Sources */,
				5989F5F61D8AEC0500068A67 /* Item+CoreDataProperties.swift in Sources */,
				5989F5F31D8A16D700068A67 /* ToDoListController.swift in Sources */,
				5989F5EE1D8A066E00068A67 /* CoreDataStack.swift in Sources */,
				5989F5F11D8A148400068A67 /* To Do List.xcdatamodeld in Sources */,
				5989F5F91D8B4DA300068A67 /* ToDoFetchedResultsController.swift in Sources */,
				5989F5F71D8AEC0500068A67 /* Item.swift in Sources */,
				5989F5DE1D8A065700068A67 /* ViewController.swift in Sources */,
				5989F6011D8B5D4000068A67 /* DataSource.swift in Sources */,
				5989F5DC1D8A065700068A67 /* AppDelegate.swift in Sources */,
			);
			runOnlyForDeploymentPostprocessing = 0;
		};
/* End PBXSourcesBuildPhase section */

/* Begin PBXVariantGroup section */
		5989F5DF1D8A065700068A67 /* Main.storyboard */ = {
			isa = PBXVariantGroup;
			children = (
				5989F5E01D8A065700068A67 /* Base */,
			);
			name = Main.storyboard;
			sourceTree = "<group>";
		};
		5989F5E41D8A065700068A67 /* LaunchScreen.storyboard */ = {
			isa = PBXVariantGroup;
			children = (
				5989F5E51D8A065700068A67 /* Base */,
			);
			name = LaunchScreen.storyboard;
			sourceTree = "<group>";
		};
/* End PBXVariantGroup section */

/* Begin XCBuildConfiguration section */
		5989F5E81D8A065700068A67 /* Debug */ = {
			isa = XCBuildConfiguration;
			buildSettings = {
				ALWAYS_SEARCH_USER_PATHS = NO;
				CLANG_ANALYZER_NONNULL = YES;
				CLANG_CXX_LANGUAGE_STANDARD = "gnu++0x";
				CLANG_CXX_LIBRARY = "libc++";
				CLANG_ENABLE_MODULES = YES;
				CLANG_ENABLE_OBJC_ARC = YES;
				CLANG_WARN_BOOL_CONVERSION = YES;
				CLANG_WARN_CONSTANT_CONVERSION = YES;
				CLANG_WARN_DIRECT_OBJC_ISA_USAGE = YES_ERROR;
				CLANG_WARN_EMPTY_BODY = YES;
				CLANG_WARN_ENUM_CONVERSION = YES;
				CLANG_WARN_INT_CONVERSION = YES;
				CLANG_WARN_OBJC_ROOT_CLASS = YES_ERROR;
				CLANG_WARN_UNREACHABLE_CODE = YES;
				CLANG_WARN__DUPLICATE_METHOD_MATCH = YES;
				"CODE_SIGN_IDENTITY[sdk=iphoneos*]" = "iPhone Developer";
				COPY_PHASE_STRIP = NO;
				DEBUG_INFORMATION_FORMAT = dwarf;
				ENABLE_STRICT_OBJC_MSGSEND = YES;
				ENABLE_TESTABILITY = YES;
				GCC_C_LANGUAGE_STANDARD = gnu99;
				GCC_DYNAMIC_NO_PIC = NO;
				GCC_NO_COMMON_BLOCKS = YES;
				GCC_OPTIMIZATION_LEVEL = 0;
				GCC_PREPROCESSOR_DEFINITIONS = (
					"DEBUG=1",
					"$(inherited)",
				);
				GCC_WARN_64_TO_32_BIT_CONVERSION = YES;
				GCC_WARN_ABOUT_RETURN_TYPE = YES_ERROR;
				GCC_WARN_UNDECLARED_SELECTOR = YES;
				GCC_WARN_UNINITIALIZED_AUTOS = YES_AGGRESSIVE;
				GCC_WARN_UNUSED_FUNCTION = YES;
				GCC_WARN_UNUSED_VARIABLE = YES;
				IPHONEOS_DEPLOYMENT_TARGET = 9.3;
				MTL_ENABLE_DEBUG_INFO = YES;
				ONLY_ACTIVE_ARCH = YES;
				SDKROOT = iphoneos;
				SWIFT_OPTIMIZATION_LEVEL = "-Onone";
			};
			name = Debug;
		};
		5989F5E91D8A065700068A67 /* Release */ = {
			isa = XCBuildConfiguration;
			buildSettings = {
				ALWAYS_SEARCH_USER_PATHS = NO;
				CLANG_ANALYZER_NONNULL = YES;
				CLANG_CXX_LANGUAGE_STANDARD = "gnu++0x";
				CLANG_CXX_LIBRARY = "libc++";
				CLANG_ENABLE_MODULES = YES;
				CLANG_ENABLE_OBJC_ARC = YES;
				CLANG_WARN_BOOL_CONVERSION = YES;
				CLANG_WARN_CONSTANT_CONVERSION = YES;
				CLANG_WARN_DIRECT_OBJC_ISA_USAGE = YES_ERROR;
				CLANG_WARN_EMPTY_BODY = YES;
				CLANG_WARN_ENUM_CONVERSION = YES;
				CLANG_WARN_INT_CONVERSION = YES;
				CLANG_WARN_OBJC_ROOT_CLASS = YES_ERROR;
				CLANG_WARN_UNREACHABLE_CODE = YES;
				CLANG_WARN__DUPLICATE_METHOD_MATCH = YES;
				"CODE_SIGN_IDENTITY[sdk=iphoneos*]" = "iPhone Developer";
				COPY_PHASE_STRIP = NO;
				DEBUG_INFORMATION_FORMAT = "dwarf-with-dsym";
				ENABLE_NS_ASSERTIONS = NO;
				ENABLE_STRICT_OBJC_MSGSEND = YES;
				GCC_C_LANGUAGE_STANDARD = gnu99;
				GCC_NO_COMMON_BLOCKS = YES;
				GCC_WARN_64_TO_32_BIT_CONVERSION = YES;
				GCC_WARN_ABOUT_RETURN_TYPE = YES_ERROR;
				GCC_WARN_UNDECLARED_SELECTOR = YES;
				GCC_WARN_UNINITIALIZED_AUTOS = YES_AGGRESSIVE;
				GCC_WARN_UNUSED_FUNCTION = YES;
				GCC_WARN_UNUSED_VARIABLE = YES;
				IPHONEOS_DEPLOYMENT_TARGET = 9.3;
				MTL_ENABLE_DEBUG_INFO = NO;
				SDKROOT = iphoneos;
				VALIDATE_PRODUCT = YES;
			};
			name = Release;
		};
		5989F5EB1D8A065700068A67 /* Debug */ = {
			isa = XCBuildConfiguration;
			buildSettings = {
				ASSETCATALOG_COMPILER_APPICON_NAME = AppIcon;
				INFOPLIST_FILE = "To Do List/Info.plist";
				LD_RUNPATH_SEARCH_PATHS = "$(inherited) @executable_path/Frameworks";
				PRODUCT_BUNDLE_IDENTIFIER = "com.storeyofgee.To-Do-List";
				PRODUCT_NAME = "$(TARGET_NAME)";
			};
			name = Debug;
		};
		5989F5EC1D8A065700068A67 /* Release */ = {
			isa = XCBuildConfiguration;
			buildSettings = {
				ASSETCATALOG_COMPILER_APPICON_NAME = AppIcon;
				INFOPLIST_FILE = "To Do List/Info.plist";
				LD_RUNPATH_SEARCH_PATHS = "$(inherited) @executable_path/Frameworks";
				PRODUCT_BUNDLE_IDENTIFIER = "com.storeyofgee.To-Do-List";
				PRODUCT_NAME = "$(TARGET_NAME)";
			};
			name = Release;
		};
/* End XCBuildConfiguration section */

/* Begin XCConfigurationList section */
		5989F5D31D8A065700068A67 /* Build configuration list for PBXProject "To Do List" */ = {
			isa = XCConfigurationList;
			buildConfigurations = (
				5989F5E81D8A065700068A67 /* Debug */,
				5989F5E91D8A065700068A67 /* Release */,
			);
			defaultConfigurationIsVisible = 0;
			defaultConfigurationName = Release;
		};
		5989F5EA1D8A065700068A67 /* Build configuration list for PBXNativeTarget "To Do List" */ = {
			isa = XCConfigurationList;
			buildConfigurations = (
				5989F5EB1D8A065700068A67 /* Debug */,
				5989F5EC1D8A065700068A67 /* Release */,
			);
			defaultConfigurationIsVisible = 0;
			defaultConfigurationName = Release;
		};
/* End XCConfigurationList section */

/* Begin XCVersionGroup section */
		5989F5EF1D8A148400068A67 /* To Do List.xcdatamodeld */ = {
			isa = XCVersionGroup;
			children = (
				5989F5F01D8A148400068A67 /* To Do List.xcdatamodel */,
			);
			currentVersion = 5989F5F01D8A148400068A67 /* To Do List.xcdatamodel */;
			path = "To Do List.xcdatamodeld";
			sourceTree = "<group>";
			versionGroupType = wrapper.xcdatamodel;
		};
/* End XCVersionGroup section */
	};
	rootObject = 5989F5D01D8A065700068A67 /* Project object */;
}
